{
    "_readme": [
        "This file locks the dependencies of your project to a known state",
        "Read more about it at https://getcomposer.org/doc/01-basic-usage.md#installing-dependencies",
        "This file is @generated automatically"
    ],
    "content-hash": "054adec9f4ea4982d7fa69219b00d5da",
    "packages": [
        {
            "name": "eway/eway-rapid-php",
            "version": "1.4.1",
            "source": {
                "type": "git",
                "url": "https://github.com/eWAYPayment/eway-rapid-php.git",
                "reference": "3ccc17406101db7e6670b2e76b088124c6955c14"
            },
            "dist": {
                "type": "zip",
                "url": "https://api.github.com/repos/eWAYPayment/eway-rapid-php/zipball/3ccc17406101db7e6670b2e76b088124c6955c14",
                "reference": "3ccc17406101db7e6670b2e76b088124c6955c14",
                "shasum": ""
            },
            "require": {
                "ext-curl": "*",
                "ext-json": "*",
                "php": ">=5.4.0"
            },
            "require-dev": {
                "internations/http-mock": "~0.7",
                "jeremeamia/superclosure": "1.0.2",
                "phpdocumentor/phpdocumentor": "~2.8",
                "phpunit/phpunit": "4.8.*",
                "squizlabs/php_codesniffer": "2.*"
            },
            "type": "library",
            "autoload": {
                "psr-4": {
                    "Eway\\": "src"
                }
            },
            "notification-url": "https://packagist.org/downloads/",
            "license": [
                "MIT"
            ],
            "authors": [
                {
                    "name": "eWAY",
                    "homepage": "https://www.eway.com.au"
                }
            ],
            "description": "eWAY Rapid PHP library",
            "homepage": "https://www.eway.com.au",
            "keywords": [
                "eway",
                "payment processing",
                "payments",
                "rapid"
            ],
            "support": {
                "issues": "https://github.com/eWAYPayment/eway-rapid-php/issues",
                "source": "https://github.com/eWAYPayment/eway-rapid-php/tree/v1.4.1"
            },
            "time": "2022-08-04T05:24:33+00:00"
        }
    ],
    "packages-dev": [],
    "aliases": [],
    "minimum-stability": "stable",
    "stability-flags": [],
    "prefer-stable": false,
    "prefer-lowest": false,
    "platform": [],
    "platform-dev": [],
    "plugin-api-version": "2.6.0"
}
