{
    "_readme": [
        "This file locks the dependencies of your project to a known state",
        "Read more about it at https://getcomposer.org/doc/01-basic-usage.md#installing-dependencies",
        "This file is @generated automatically"
    ],
    "content-hash": "933d77f5a7f03502e860556eb90b5904",
    "packages": [
        {
            "name": "eway/eway-rapid-php",
            "version": "2.0.0",
            "source": {
                "type": "git",
                "url": "https://github.com/eWAYPayment/eway-rapid-php.git",
                "reference": "fee6909e303111761c0899a53bf432dba11fa1f6"
            },
            "dist": {
                "type": "zip",
                "url": "https://api.github.com/repos/eWAYPayment/eway-rapid-php/zipball/fee6909e303111761c0899a53bf432dba11fa1f6",
                "reference": "fee6909e303111761c0899a53bf432dba11fa1f6",
                "shasum": ""
            },
            "require": {
                "ext-curl": "*",
                "ext-json": "*",
                "php": ">=7.4.0"
            },
            "require-dev": {
                "phpstan/phpstan": "^2.1",
                "phpunit/phpunit": "^9.6",
                "squizlabs/php_codesniffer": "^3.11"
            },
            "type": "library",
            "autoload": {
                "psr-4": {
                    "Eway\\": "src"
                }
            },
            "notification-url": "https://packagist.org/downloads/",
            "license": [
                "MIT"
            ],
            "authors": [
                {
                    "name": "Eway",
                    "homepage": "https://www.eway.com.au"
                }
            ],
            "description": "Eway Rapid PHP library",
            "homepage": "https://www.eway.com.au",
            "keywords": [
                "eway",
                "payment processing",
                "payments",
                "rapid"
            ],
            "support": {
                "issues": "https://github.com/eWAYPayment/eway-rapid-php/issues",
                "source": "https://github.com/eWAYPayment/eway-rapid-php/tree/v2.0.0"
            },
            "time": "2025-01-30T00:58:24+00:00"
        }
    ],
    "packages-dev": [],
    "aliases": [],
    "minimum-stability": "stable",
    "stability-flags": [],
    "prefer-stable": false,
    "prefer-lowest": false,
    "platform": [],
    "platform-dev": [],
    "plugin-api-version": "2.6.0"
}
